
Microsoft Visual Studio Solution File, Format Version 12.00
# Visual Studio Version 17
VisualStudioVersion = 17.1.32319.34
MinimumVisualStudioVersion = 10.0.40219.1
Project("{FAE04EC0-301F-11D3-BF4B-00C04F79EFBC}") = "WarmUpBot", "WarmUpBot\WarmUpBot.csproj", "{BF4105E0-D11F-47D2-8B9F-F63ED9ACC4F7}"
EndProject
Global
	GlobalSection(SolutionConfigurationPlatforms) = preSolution
		Debug|Any CPU = Debug|Any CPU
		Release|Any CPU = Release|Any CPU
	EndGlobalSection
	GlobalSection(ProjectConfigurationPlatforms) = postSolution
		{BF4105E0-D11F-47D2-8B9F-F63ED9ACC4F7}.Debug|Any CPU.ActiveCfg = Debug|Any CPU
		{BF4105E0-D11F-47D2-8B9F-F63ED9ACC4F7}.Debug|Any CPU.Build.0 = Debug|Any CPU
		{BF4105E0-D11F-47D2-8B9F-F63ED9ACC4F7}.Release|Any CPU.ActiveCfg = Release|Any CPU
		{BF4105E0-D11F-47D2-8B9F-F63ED9ACC4F7}.Release|Any CPU.Build.0 = Release|Any CPU
	EndGlobalSection
	GlobalSection(SolutionProperties) = preSolution
		HideSolutionNode = FALSE
	EndGlobalSection
	GlobalSection(ExtensibilityGlobals) = postSolution
		SolutionGuid = {C24F02FA-360D-4A72-9EAE-DC5DA9392D32}
	EndGlobalSection
EndGlobal
